# This file is autogenerated, do not edit; changes may be undone by the next 'dep ensure'.


[[projects]]
  digest = "1:705c40022f5c03bf96ffeb6477858d88565064485a513abcd0f11a0911546cb6"
  name = "github.com/blang/semver"
  packages = ["."]
  pruneopts = "UT"
  revision = "2ee87856327ba09384cabd113bc6b5d174e9ec0f"
  version = "v3.5.1"

[[projects]]
  branch = "master"
  digest = "1:46bbc4d78f6145cbd579e8a6fdba9c3457f99ecd121b5de8a59fc9dc221a29bb"
  name = "github.com/greenplum-db/gp-common-go-libs"
  packages = [
    "cluster",
    "dbconn",
    "gplog",
    "operating",
    "testhelper",
  ]
  pruneopts = "UT"
  revision = "afc498a415c4e67b08b3bd26fbaeef8e52f239a0"

[[projects]]
  digest = "1:a1038ef593beb4771c8f0f9c26e8b00410acd800af5c6864651d9bf160ea1813"
  name = "github.com/hpcloud/tail"
  packages = [
    ".",
    "ratelimiter",
    "util",
    "watch",
    "winfile",
  ]
  pruneopts = "UT"
  revision = "a30252cb686a21eb2d0b98132633053ec2f7f1e5"
  version = "v1.0.0"

[[projects]]
  digest = "1:870d441fe217b8e689d7949fef6e43efbc787e50f200cb1e70dbca9204a1d6be"
  name = "github.com/inconshreveable/mousetrap"
  packages = ["."]
  pruneopts = "UT"
  revision = "76626ae9c91c4f2a10f34cad8ce83ea42c93bb75"
  version = "v1.0"

[[projects]]
  digest = "1:2b48b4b9c32eafe68ceb15ced4d7419014e8f011be7a5489d400fdf844217d16"
  name = "github.com/jackc/pgx"
  packages = [
    ".",
    "chunkreader",
    "internal/sanitize",
    "pgio",
    "pgproto3",
    "pgtype",
    "stdlib",
  ]
  pruneopts = "UT"
  revision = "c59c9cac59ab95eceb0c12ff338923c62f411ea2"
  version = "v3.3.0"

[[projects]]
  digest = "1:6c41d4f998a03b6604227ccad36edaed6126c397e5d78709ef4814a1145a6757"
  name = "github.com/jmoiron/sqlx"
  packages = [
    ".",
    "reflectx",
  ]
  pruneopts = "UT"
  revision = "d161d7a76b5661016ad0b085869f77fd410f3e6a"
  version = "v1.2.0"

[[projects]]
  digest = "1:e9c3bb68a6c9470302b8046d4647e0612a2ea6037b9c6a47de60c0a90db504f8"
  name = "github.com/onsi/ginkgo"
  packages = [
    ".",
    "config",
    "internal/codelocation",
    "internal/containernode",
    "internal/failer",
    "internal/leafnodes",
    "internal/remote",
    "internal/spec",
    "internal/spec_iterator",
    "internal/specrunner",
    "internal/suite",
    "internal/testingtproxy",
    "internal/writer",
    "reporters",
    "reporters/stenographer",
    "reporters/stenographer/support/go-colorable",
    "reporters/stenographer/support/go-isatty",
    "types",
  ]
  pruneopts = "UT"
  revision = "eea6ad008b96acdaa524f5b409513bf062b500ad"
  version = "v1.8.0"

[[projects]]
  digest = "1:b24c8fed78587ec7c48ca9806a99ca940e022ab0d9ed05e78a709b84eb667e6c"
  name = "github.com/onsi/gomega"
  packages = [
    ".",
    "format",
    "gbytes",
    "internal/assertion",
    "internal/asyncassertion",
    "internal/oraclematcher",
    "internal/testingtsupport",
    "matchers",
    "matchers/support/goraph/bipartitegraph",
    "matchers/support/goraph/edge",
    "matchers/support/goraph/node",
    "matchers/support/goraph/util",
    "types",
  ]
  pruneopts = "UT"
  revision = "90e289841c1ed79b7a598a7cd9959750cb5e89e2"
  version = "v1.5.0"

[[projects]]
  digest = "1:cf31692c14422fa27c83a05292eb5cbe0fb2775972e8f1f8446a71549bd8980b"
  name = "github.com/pkg/errors"
  packages = ["."]
  pruneopts = "UT"
  revision = "ba968bfe8b2f7e042a574c888954fccecfa385b4"
  version = "v0.8.1"

[[projects]]
  digest = "1:645cabccbb4fa8aab25a956cbcbdf6a6845ca736b2c64e197ca7cbb9d210b939"
  name = "github.com/spf13/cobra"
  packages = ["."]
  pruneopts = "UT"
  revision = "ef82de70bb3f60c65fb8eebacbb2d122ef517385"
  version = "v0.0.3"

[[projects]]
  digest = "1:c1b1102241e7f645bc8e0c22ae352e8f0dc6484b6cb4d132fa9f24174e0119e2"
  name = "github.com/spf13/pflag"
  packages = ["."]
  pruneopts = "UT"
  revision = "298182f68c66c05229eb03ac171abe6e309ee79a"
  version = "v1.0.3"

[[projects]]
  branch = "master"
  digest = "1:d5d8006ff2f825ddeac50550bbe002464b1f85810666e700a68459e91e2f875f"
  name = "golang.org/x/net"
  packages = [
    "html",
    "html/atom",
    "html/charset",
  ]
  pruneopts = "UT"
  revision = "b630fd6fe46bcfc98f989005d8b8ec1400e60a6e"

[[projects]]
  branch = "master"
  digest = "1:e18c1645adfe83d66f80d3676040e478895669f9456ca8bafa6a7290656c1b48"
  name = "golang.org/x/sys"
  packages = ["unix"]
  pruneopts = "UT"
  revision = "81d4e9dc473e5e8c933f2aaeba2a3d81efb9aed2"

[[projects]]
  digest = "1:aa4d6967a3237f8367b6bf91503964a77183ecf696f1273e8ad3551bb4412b5f"
  name = "golang.org/x/text"
  packages = [
    "encoding",
    "encoding/charmap",
    "encoding/htmlindex",
    "encoding/internal",
    "encoding/internal/identifier",
    "encoding/japanese",
    "encoding/korean",
    "encoding/simplifiedchinese",
    "encoding/traditionalchinese",
    "encoding/unicode",
    "internal/gen",
    "internal/tag",
    "internal/utf8internal",
    "language",
    "runes",
    "transform",
    "unicode/cldr",
  ]
  pruneopts = "UT"
  revision = "f21a4dfb5e38f5895301dc265a8def02365cc3d0"
  version = "v0.3.0"

[[projects]]
  digest = "1:c84a587136cb69cecc11f3dbe9f9001444044c0dba74997b07f7e4c150b07cda"
  name = "gopkg.in/DATA-DOG/go-sqlmock.v1"
  packages = ["."]
  pruneopts = "UT"
  revision = "3f9954f6f6697845b082ca57995849ddf614f450"
  version = "v1.3.3"

[[projects]]
  digest = "1:abeb38ade3f32a92943e5be54f55ed6d6e3b6602761d74b4aab4c9dd45c18abd"
  name = "gopkg.in/fsnotify.v1"
  packages = ["."]
  pruneopts = "UT"
  revision = "c2828203cd70a50dcccfb2761f8b1f8ceef9a8e9"
  source = "https://github.com/fsnotify/fsnotify.git"
  version = "v1.4.7"

[[projects]]
  branch = "v1"
  digest = "1:0caa92e17bc0b65a98c63e5bc76a9e844cd5e56493f8fdbb28fad101a16254d9"
  name = "gopkg.in/tomb.v1"
  packages = ["."]
  pruneopts = "UT"
  revision = "dd632973f1e7218eb1089048e0798ec9ae7dceb8"

[[projects]]
  digest = "1:4d2e5a73dc1500038e504a8d78b986630e3626dc027bc030ba5c75da257cdb96"
  name = "gopkg.in/yaml.v2"
  packages = ["."]
  pruneopts = "UT"
  revision = "51d6538a90f86fe93ac480b35f37b2be17fef232"
  version = "v2.2.2"

[solve-meta]
  analyzer-name = "dep"
  analyzer-version = 1
  input-imports = [
    "github.com/greenplum-db/gp-common-go-libs/cluster",
    "github.com/greenplum-db/gp-common-go-libs/dbconn",
    "github.com/greenplum-db/gp-common-go-libs/gplog",
    "github.com/greenplum-db/gp-common-go-libs/operating",
    "github.com/greenplum-db/gp-common-go-libs/testhelper",
    "github.com/onsi/ginkgo",
    "github.com/onsi/gomega",
    "github.com/onsi/gomega/gbytes",
    "github.com/pkg/errors",
    "github.com/spf13/cobra",
  ]
  solver-name = "gps-cdcl"
  solver-version = 1
