# This file is autogenerated, do not edit; changes may be undone by the next 'dep ensure'.


[[projects]]
  digest = "1:63365cc19727fc5f786d5d95079016b3601120c9699543abae2d5d0bff139109"
  name = "github.com/DATA-DOG/go-sqlmock"
  packages = ["."]
  pruneopts = "UT"
  revision = "7d7fc89ac4d6e7994c74cf16a6cb774b0374f2f9"
  version = "v1.4.1"

[[projects]]
  digest = "1:b6d886569181ec96ca83d529f4d6ba0cbf92ace7bb6f633f90c5f34d9bba7aab"
  name = "github.com/blang/semver"
  packages = ["."]
  pruneopts = "UT"
  revision = "ba2c2ddd89069b46a7011d4106f6868f17ee1705"
  version = "v3.6.1"

[[projects]]
  branch = "master"
  digest = "1:49d5798b3f2c70191a267d7b66ec771b62b5c835ce61320d20b6e79a9766a3b5"
  name = "github.com/greenplum-db/gp-common-go-libs"
  packages = [
    "cluster",
    "dbconn",
    "gplog",
    "operating",
    "testhelper",
  ]
  pruneopts = "UT"
  revision = "b955fb7f9ec008ede2c6e81f31c4224978a9da64"

[[projects]]
  digest = "1:a1038ef593beb4771c8f0f9c26e8b00410acd800af5c6864651d9bf160ea1813"
  name = "github.com/hpcloud/tail"
  packages = [
    ".",
    "ratelimiter",
    "util",
    "watch",
    "winfile",
  ]
  pruneopts = "UT"
  revision = "a30252cb686a21eb2d0b98132633053ec2f7f1e5"
  version = "v1.0.0"

[[projects]]
  digest = "1:870d441fe217b8e689d7949fef6e43efbc787e50f200cb1e70dbca9204a1d6be"
  name = "github.com/inconshreveable/mousetrap"
  packages = ["."]
  pruneopts = "UT"
  revision = "76626ae9c91c4f2a10f34cad8ce83ea42c93bb75"
  version = "v1.0"

[[projects]]
  digest = "1:dad82cb86edf75241140d7d76b7975b7acec922751e83c187dd55e00bd12576a"
  name = "github.com/jackc/pgx"
  packages = [
    ".",
    "chunkreader",
    "internal/sanitize",
    "pgio",
    "pgproto3",
    "pgtype",
    "stdlib",
  ]
  pruneopts = "UT"
  revision = "a413de981978e4100d5736af7aaa2b392511612f"
  version = "v3.6.2"

[[projects]]
  digest = "1:6c41d4f998a03b6604227ccad36edaed6126c397e5d78709ef4814a1145a6757"
  name = "github.com/jmoiron/sqlx"
  packages = [
    ".",
    "reflectx",
  ]
  pruneopts = "UT"
  revision = "d161d7a76b5661016ad0b085869f77fd410f3e6a"
  version = "v1.2.0"

[[projects]]
  digest = "1:3a7da5fe2be70407dd32d2e79e04ff15c2d592cd0336b71ea480688c9fc572db"
  name = "github.com/onsi/ginkgo"
  packages = [
    ".",
    "config",
    "internal/codelocation",
    "internal/containernode",
    "internal/failer",
    "internal/leafnodes",
    "internal/remote",
    "internal/spec",
    "internal/spec_iterator",
    "internal/specrunner",
    "internal/suite",
    "internal/testingtproxy",
    "internal/writer",
    "reporters",
    "reporters/stenographer",
    "reporters/stenographer/support/go-colorable",
    "reporters/stenographer/support/go-isatty",
    "types",
  ]
  pruneopts = "UT"
  revision = "40598150331533e3cd497f21dcce387dae84b561"
  version = "v1.12.0"

[[projects]]
  digest = "1:ea78145c7d4b04df5b6d39936e1a92fd4002ffef2c630c34d198a555197e18a8"
  name = "github.com/onsi/gomega"
  packages = [
    ".",
    "format",
    "gbytes",
    "internal/assertion",
    "internal/asyncassertion",
    "internal/oraclematcher",
    "internal/testingtsupport",
    "matchers",
    "matchers/support/goraph/bipartitegraph",
    "matchers/support/goraph/edge",
    "matchers/support/goraph/node",
    "matchers/support/goraph/util",
    "types",
  ]
  pruneopts = "UT"
  revision = "6be6c439588487cd908a3a700795660c2a16dfec"
  version = "v1.9.0"

[[projects]]
  digest = "1:9e1d37b58d17113ec3cb5608ac0382313c5b59470b94ed97d0976e69c7022314"
  name = "github.com/pkg/errors"
  packages = ["."]
  pruneopts = "UT"
  revision = "614d223910a179a466c1767a985424175c39b465"
  version = "v0.9.1"

[[projects]]
  digest = "1:1e80255eea46af2e2db7da90f95e4b5cfe84f3b58d9a8598ec35b0f2a75c60e4"
  name = "github.com/spf13/cobra"
  packages = ["."]
  pruneopts = "UT"
  revision = "6607e6b8603f56adb027298ee6695e06ffb3a819"
  version = "0.0.7"

[[projects]]
  digest = "1:524b71991fc7d9246cc7dc2d9e0886ccb97648091c63e30eef619e6862c955dd"
  name = "github.com/spf13/pflag"
  packages = ["."]
  pruneopts = "UT"
  revision = "2e9d26c8c37aae03e3f9d4e90b7116f5accb7cab"
  version = "v1.0.5"

[[projects]]
  branch = "master"
  digest = "1:f92f6956e4059f6a3efc14924d2dd58ba90da25cc57fe07ae3779ef2f5e0c5f2"
  name = "golang.org/x/crypto"
  packages = ["pbkdf2"]
  pruneopts = "UT"
  revision = "0ec3e9974c59449edd84298612e9f16fa13368e8"

[[projects]]
  branch = "master"
  digest = "1:8c294aabd4396170f5bcbb763d558e4c8d21ded4b2a1618dfb664e58a4fffeef"
  name = "golang.org/x/net"
  packages = [
    "html",
    "html/atom",
    "html/charset",
  ]
  pruneopts = "UT"
  revision = "d3edc9973b7eb1fb302b0ff2c62357091cea9a30"

[[projects]]
  branch = "master"
  digest = "1:842f1500cf319662226ee2f897aa1bf5e9228bb851af8a9aaef5c425fe90f14e"
  name = "golang.org/x/sys"
  packages = ["unix"]
  pruneopts = "UT"
  revision = "c3d80250170dec19bf61949c81233cede5ddaf61"

[[projects]]
  digest = "1:24fc27c3b00594289e400127e23d9963f07fec119cc7bb59d4cf7626445104d0"
  name = "golang.org/x/text"
  packages = [
    "cases",
    "collate",
    "collate/build",
    "encoding",
    "encoding/charmap",
    "encoding/htmlindex",
    "encoding/internal",
    "encoding/internal/identifier",
    "encoding/japanese",
    "encoding/korean",
    "encoding/simplifiedchinese",
    "encoding/traditionalchinese",
    "encoding/unicode",
    "internal",
    "internal/colltab",
    "internal/gen",
    "internal/language",
    "internal/language/compact",
    "internal/tag",
    "internal/triegen",
    "internal/ucd",
    "internal/utf8internal",
    "language",
    "runes",
    "secure/bidirule",
    "secure/precis",
    "transform",
    "unicode/bidi",
    "unicode/cldr",
    "unicode/norm",
    "unicode/rangetable",
    "width",
  ]
  pruneopts = "UT"
  revision = "342b2e1fbaa52c93f31447ad2c6abc048c63e475"
  version = "v0.3.2"

[[projects]]
  branch = "master"
  digest = "1:918a46e4a2fb83df33f668f5a6bd51b2996775d073fce1800d3ec01b0a5ddd2b"
  name = "golang.org/x/xerrors"
  packages = [
    ".",
    "internal",
  ]
  pruneopts = "UT"
  revision = "9bdfabe68543c54f90421aeb9a60ef8061b5b544"

[[projects]]
  digest = "1:80057945464ffb5b0da1f026beb8df0e8dbd098eaf771a349291bed2cd29a83e"
  name = "gopkg.in/fsnotify.v1"
  packages = ["."]
  pruneopts = "UT"
  revision = "45d7d09e39ef4ac08d493309fa031790c15bfe8a"
  source = "https://github.com/fsnotify/fsnotify.git"
  version = "v1.4.9"

[[projects]]
  branch = "v1"
  digest = "1:0caa92e17bc0b65a98c63e5bc76a9e844cd5e56493f8fdbb28fad101a16254d9"
  name = "gopkg.in/tomb.v1"
  packages = ["."]
  pruneopts = "UT"
  revision = "dd632973f1e7218eb1089048e0798ec9ae7dceb8"

[[projects]]
  digest = "1:55b110c99c5fdc4f14930747326acce56b52cfce60b24b1c03ef686ac0e46bb1"
  name = "gopkg.in/yaml.v2"
  packages = ["."]
  pruneopts = "UT"
  revision = "53403b58ad1b561927d19068c655246f2db79d48"
  version = "v2.2.8"

[solve-meta]
  analyzer-name = "dep"
  analyzer-version = 1
  input-imports = [
    "github.com/greenplum-db/gp-common-go-libs/cluster",
    "github.com/greenplum-db/gp-common-go-libs/dbconn",
    "github.com/greenplum-db/gp-common-go-libs/gplog",
    "github.com/greenplum-db/gp-common-go-libs/operating",
    "github.com/greenplum-db/gp-common-go-libs/testhelper",
    "github.com/onsi/ginkgo",
    "github.com/onsi/gomega",
    "github.com/onsi/gomega/gbytes",
    "github.com/pkg/errors",
    "github.com/spf13/cobra",
  ]
  solver-name = "gps-cdcl"
  solver-version = 1
